
Microsoft Visual Studio Solution File, Format Version 12.00
# Visual Studio Version 16
VisualStudioVersion = 16.0.31729.503
MinimumVisualStudioVersion = 10.0.40219.1
Project("{FAE04EC0-301F-11D3-BF4B-00C04F79EFBC}") = "ConsoleApp1", "ConsoleApp1.csproj", "{AABC7EC4-0007-4168-8FD6-6FA573847DA3}"
EndProject
Global
	GlobalSection(SolutionConfigurationPlatforms) = preSolution
		Debug|Any CPU = Debug|Any CPU
		Release|Any CPU = Release|Any CPU
	EndGlobalSection
	GlobalSection(ProjectConfigurationPlatforms) = postSolution
		{AABC7EC4-0007-4168-8FD6-6FA573847DA3}.Debug|Any CPU.ActiveCfg = Debug|Any CPU
		{AABC7EC4-0007-4168-8FD6-6FA573847DA3}.Debug|Any CPU.Build.0 = Debug|Any CPU
		{AABC7EC4-0007-4168-8FD6-6FA573847DA3}.Release|Any CPU.ActiveCfg = Release|Any CPU
		{AABC7EC4-0007-4168-8FD6-6FA573847DA3}.Release|Any CPU.Build.0 = Release|Any CPU
	EndGlobalSection
	GlobalSection(SolutionProperties) = preSolution
		HideSolutionNode = FALSE
	EndGlobalSection
	GlobalSection(ExtensibilityGlobals) = postSolution
		SolutionGuid = {10667CD7-DC10-44B2-9DCC-A3F019D44939}
	EndGlobalSection
EndGlobal
